// !$*UTF8*$!
{
	archiveVersion = 1;
	classes = {
	};
	objectVersion = 52;
	objects = {

/* Begin PBXBuildFile section */
		251CE01C25513453002913DE /* ObjectClassName.swift in Sources */ = {isa = PBXBuildFile; fileRef = 251CE01B25513453002913DE /* ObjectClassName.swift */; };
		257495C425311FEA00D386A2 /* AppDelegate.swift in Sources */ = {isa = PBXBuildFile; fileRef = 257495C325311FEA00D386A2 /* AppDelegate.swift */; };
		257495C625311FEA00D386A2 /* SceneDelegate.swift in Sources */ = {isa = PBXBuildFile; fileRef = 257495C525311FEA00D386A2 /* SceneDelegate.swift */; };
		257495CA25311FED00D386A2 /* Assets.xcassets in Resources */ = {isa = PBXBuildFile; fileRef = 257495C925311FED00D386A2 /* Assets.xcassets */; };
		257495CD25311FED00D386A2 /* Preview Assets.xcassets in Resources */ = {isa = PBXBuildFile; fileRef = 257495CC25311FED00D386A2 /* Preview Assets.xcassets */; };
		257495D025311FED00D386A2 /* LaunchScreen.storyboard in Resources */ = {isa = PBXBuildFile; fileRef = 257495CE25311FED00D386A2 /* LaunchScreen.storyboard */; };
		257495DE2531206600D386A2 /* SampleViewController.swift in Sources */ = {isa = PBXBuildFile; fileRef = 257495DD2531206600D386A2 /* SampleViewController.swift */; };
		257495E2253120B800D386A2 /* SampleView.swift in Sources */ = {isa = PBXBuildFile; fileRef = 257495E1253120B800D386A2 /* SampleView.swift */; };
		257DB48B253169EC00D1DABB /* Group.swift in Sources */ = {isa = PBXBuildFile; fileRef = 257DB48A253169EC00D1DABB /* Group.swift */; };
		257DB48F25316A0200D1DABB /* LoginView.swift in Sources */ = {isa = PBXBuildFile; fileRef = 257DB48E25316A0200D1DABB /* LoginView.swift */; };
		257DB49225316A0B00D1DABB /* LoginViewController.swift in Sources */ = {isa = PBXBuildFile; fileRef = 257DB49125316A0B00D1DABB /* LoginViewController.swift */; };
		257DB49525316B7000D1DABB /* LoginViewModel.swift in Sources */ = {isa = PBXBuildFile; fileRef = 257DB49425316B7000D1DABB /* LoginViewModel.swift */; };
		258247322546614300F2EAAD /* GroupsViewController.swift in Sources */ = {isa = PBXBuildFile; fileRef = 258247312546614300F2EAAD /* GroupsViewController.swift */; };
		258247352546616700F2EAAD /* GroupsView.swift in Sources */ = {isa = PBXBuildFile; fileRef = 258247342546616700F2EAAD /* GroupsView.swift */; };
		258247382546622400F2EAAD /* TutorialViewController.swift in Sources */ = {isa = PBXBuildFile; fileRef = 258247372546622400F2EAAD /* TutorialViewController.swift */; };
		2582473B2546623600F2EAAD /* TutorialView.swift in Sources */ = {isa = PBXBuildFile; fileRef = 2582473A2546623600F2EAAD /* TutorialView.swift */; };
		2582473F2546634000F2EAAD /* GroupDetailsViewController.swift in Sources */ = {isa = PBXBuildFile; fileRef = 2582473E2546634000F2EAAD /* GroupDetailsViewController.swift */; };
		258247422546636100F2EAAD /* GroupDetailsView.swift in Sources */ = {isa = PBXBuildFile; fileRef = 258247412546636100F2EAAD /* GroupDetailsView.swift */; };
		2596C91C25512CB900DAA64F /* AlanYanHelpers in Frameworks */ = {isa = PBXBuildFile; productRef = 2596C91B25512CB900DAA64F /* AlanYanHelpers */; };
		2596C923255132E500DAA64F /* GroupTableViewCell.swift in Sources */ = {isa = PBXBuildFile; fileRef = 2596C922255132E500DAA64F /* GroupTableViewCell.swift */; };
		2596C9272551330A00DAA64F /* GroupsCollectionViewCell.swift in Sources */ = {isa = PBXBuildFile; fileRef = 2596C9262551330A00DAA64F /* GroupsCollectionViewCell.swift */; };
		25B0532425737BC000173E94 /* AirbnbCerealBold.ttf in Resources */ = {isa = PBXBuildFile; fileRef = 25B0531E25737BC000173E94 /* AirbnbCerealBold.ttf */; };
		25B0532525737BC000173E94 /* AirbnbCerealBlack.ttf in Resources */ = {isa = PBXBuildFile; fileRef = 25B0531F25737BC000173E94 /* AirbnbCerealBlack.ttf */; };
		25B0532725737BC000173E94 /* AirbnbCerealExtraBold.ttf in Resources */ = {isa = PBXBuildFile; fileRef = 25B0532125737BC000173E94 /* AirbnbCerealExtraBold.ttf */; };
		25B0532825737BC100173E94 /* AirbnbCerealMedium.ttf in Resources */ = {isa = PBXBuildFile; fileRef = 25B0532225737BC000173E94 /* AirbnbCerealMedium.ttf */; };
		25B0532925737BC100173E94 /* AirbnbCerealLight.ttf in Resources */ = {isa = PBXBuildFile; fileRef = 25B0532325737BC000173E94 /* AirbnbCerealLight.ttf */; };
		25B0532C25737BCE00173E94 /* AppFont.swift in Sources */ = {isa = PBXBuildFile; fileRef = 25B0532B25737BCE00173E94 /* AppFont.swift */; };
		25B053342573858900173E94 /* AddExpenseDropDownView.swift in Sources */ = {isa = PBXBuildFile; fileRef = 25B053332573858900173E94 /* AddExpenseDropDownView.swift */; };
		25DB65E8255134F100F79B58 /* GroupsViewModel.swift in Sources */ = {isa = PBXBuildFile; fileRef = 25DB65E7255134F100F79B58 /* GroupsViewModel.swift */; };
		25DB65EB2551357400F79B58 /* Friend.swift in Sources */ = {isa = PBXBuildFile; fileRef = 25DB65EA2551357400F79B58 /* Friend.swift */; };
		4B0F9D7B74690590F676EF4F /* (null) in Frameworks */ = {isa = PBXBuildFile; };
		56173242D5DA2F8E204E6E10 /* (null) in Frameworks */ = {isa = PBXBuildFile; };
		785F99F4E04AE6A19543D326 /* Pods_dough_bros_ios.framework in Frameworks */ = {isa = PBXBuildFile; fileRef = D041CF3D012636ECA0535383 /* Pods_dough_bros_ios.framework */; };
		901366D52557B071002D4E5D /* AddExpenseViewController.swift in Sources */ = {isa = PBXBuildFile; fileRef = 901366D42557B071002D4E5D /* AddExpenseViewController.swift */; };
		901366D92557B154002D4E5D /* AddExpenseView.swift in Sources */ = {isa = PBXBuildFile; fileRef = 901366D82557B154002D4E5D /* AddExpenseView.swift */; };
		90B940022570DF8200DC5F27 /* GroupPoints.swift in Sources */ = {isa = PBXBuildFile; fileRef = 90B940012570DF8200DC5F27 /* GroupPoints.swift */; };
		90E51A682570C8A50029DF5E /* WelcomeView.swift in Sources */ = {isa = PBXBuildFile; fileRef = 90E51A672570C8A50029DF5E /* WelcomeView.swift */; };
		90E51A6C2570C8BA0029DF5E /* WelcomeViewController.swift in Sources */ = {isa = PBXBuildFile; fileRef = 90E51A6B2570C8BA0029DF5E /* WelcomeViewController.swift */; };
		90E51A712570CDCD0029DF5E /* DBTextField.swift in Sources */ = {isa = PBXBuildFile; fileRef = 90E51A702570CDCD0029DF5E /* DBTextField.swift */; };
		90E51A742570D0250029DF5E /* DBStackView.swift in Sources */ = {isa = PBXBuildFile; fileRef = 90E51A732570D0250029DF5E /* DBStackView.swift */; };
		90E51A772570D5250029DF5E /* SignUpView.swift in Sources */ = {isa = PBXBuildFile; fileRef = 90E51A762570D5250029DF5E /* SignUpView.swift */; };
		90E51A7A2570D53C0029DF5E /* SignUpViewController.swift in Sources */ = {isa = PBXBuildFile; fileRef = 90E51A792570D53C0029DF5E /* SignUpViewController.swift */; };
		90F3C74A255D10800043BA34 /* AddExpenseCollectionViewCell.swift in Sources */ = {isa = PBXBuildFile; fileRef = 90F3C749255D10800043BA34 /* AddExpenseCollectionViewCell.swift */; };
		BE03B3E325699CF100B9A4D0 /* AddGroupViewController.swift in Sources */ = {isa = PBXBuildFile; fileRef = BE03B3E225699CF100B9A4D0 /* AddGroupViewController.swift */; };
		BE03B3E625699D3000B9A4D0 /* AddGroupView.swift in Sources */ = {isa = PBXBuildFile; fileRef = BE03B3E525699D3000B9A4D0 /* AddGroupView.swift */; };
		BE03B3E925699D8400B9A4D0 /* AddGroupCollectionViewCell.swift in Sources */ = {isa = PBXBuildFile; fileRef = BE03B3E825699D8400B9A4D0 /* AddGroupCollectionViewCell.swift */; };
		BE03B3EC2569B7CE00B9A4D0 /* AddGroupTableViewCell.swift in Sources */ = {isa = PBXBuildFile; fileRef = BE03B3EB2569B7CE00B9A4D0 /* AddGroupTableViewCell.swift */; };
		BE03B3F4256A21EA00B9A4D0 /* GroupObj.swift in Sources */ = {isa = PBXBuildFile; fileRef = BE03B3F3256A21EA00B9A4D0 /* GroupObj.swift */; };
		BE180ED4255B6B3500F9D2B4 /* UserPoints.swift in Sources */ = {isa = PBXBuildFile; fileRef = BE180ED3255B6B3500F9D2B4 /* UserPoints.swift */; };
		BE180EDB255B6FC800F9D2B4 /* User.swift in Sources */ = {isa = PBXBuildFile; fileRef = BE180EDA255B6FC800F9D2B4 /* User.swift */; };
		BE25AD80257207D50069DF5F /* SettleDebtViewController.swift in Sources */ = {isa = PBXBuildFile; fileRef = BE25AD7F257207D50069DF5F /* SettleDebtViewController.swift */; };
		BE25AD83257207EA0069DF5F /* SettleDebtView.swift in Sources */ = {isa = PBXBuildFile; fileRef = BE25AD82257207EA0069DF5F /* SettleDebtView.swift */; };
		BE25AD8625720A270069DF5F /* PayConfirmationView.swift in Sources */ = {isa = PBXBuildFile; fileRef = BE25AD8525720A270069DF5F /* PayConfirmationView.swift */; };
		BE25AD8925720A350069DF5F /* PayConfirmationViewController.swift in Sources */ = {isa = PBXBuildFile; fileRef = BE25AD8825720A350069DF5F /* PayConfirmationViewController.swift */; };
		BE25AD8C25722BF30069DF5F /* DebtObj.swift in Sources */ = {isa = PBXBuildFile; fileRef = BE25AD8B25722BF30069DF5F /* DebtObj.swift */; };
		BEBEB84325493E460029BAB3 /* SummaryTableViewCell.swift in Sources */ = {isa = PBXBuildFile; fileRef = BEBEB84225493E460029BAB3 /* SummaryTableViewCell.swift */; };
		BEBEB84625493E510029BAB3 /* ActivityTableViewCell.swift in Sources */ = {isa = PBXBuildFile; fileRef = BEBEB84525493E510029BAB3 /* ActivityTableViewCell.swift */; };
		BEE9D76025589E9D0078BCB9 /* GoogleService-Info.plist in Resources */ = {isa = PBXBuildFile; fileRef = BEE9D75F25589E9D0078BCB9 /* GoogleService-Info.plist */; };
/* End PBXBuildFile section */

/* Begin PBXFileReference section */
		251CE01B25513453002913DE /* ObjectClassName.swift */ = {isa = PBXFileReference; lastKnownFileType = sourcecode.swift; path = ObjectClassName.swift; sourceTree = "<group>"; };
		257495C025311FEA00D386A2 /* dough-bros-ios.app */ = {isa = PBXFileReference; explicitFileType = wrapper.application; includeInIndex = 0; path = "dough-bros-ios.app"; sourceTree = BUILT_PRODUCTS_DIR; };
		257495C325311FEA00D386A2 /* AppDelegate.swift */ = {isa = PBXFileReference; lastKnownFileType = sourcecode.swift; path = AppDelegate.swift; sourceTree = "<group>"; };
		257495C525311FEA00D386A2 /* SceneDelegate.swift */ = {isa = PBXFileReference; lastKnownFileType = sourcecode.swift; path = SceneDelegate.swift; sourceTree = "<group>"; };
		257495C925311FED00D386A2 /* Assets.xcassets */ = {isa = PBXFileReference; lastKnownFileType = folder.assetcatalog; path = Assets.xcassets; sourceTree = "<group>"; };
		257495CC25311FED00D386A2 /* Preview Assets.xcassets */ = {isa = PBXFileReference; lastKnownFileType = folder.assetcatalog; path = "Preview Assets.xcassets"; sourceTree = "<group>"; };
		257495CF25311FED00D386A2 /* Base */ = {isa = PBXFileReference; lastKnownFileType = file.storyboard; name = Base; path = Base.lproj/LaunchScreen.storyboard; sourceTree = "<group>"; };
		257495D125311FED00D386A2 /* Info.plist */ = {isa = PBXFileReference; lastKnownFileType = text.plist.xml; path = Info.plist; sourceTree = "<group>"; };
		257495DD2531206600D386A2 /* SampleViewController.swift */ = {isa = PBXFileReference; lastKnownFileType = sourcecode.swift; path = SampleViewController.swift; sourceTree = "<group>"; };
		257495E1253120B800D386A2 /* SampleView.swift */ = {isa = PBXFileReference; lastKnownFileType = sourcecode.swift; path = SampleView.swift; sourceTree = "<group>"; };
		257DB48A253169EC00D1DABB /* Group.swift */ = {isa = PBXFileReference; lastKnownFileType = sourcecode.swift; path = Group.swift; sourceTree = "<group>"; };
		257DB48E25316A0200D1DABB /* LoginView.swift */ = {isa = PBXFileReference; lastKnownFileType = sourcecode.swift; path = LoginView.swift; sourceTree = "<group>"; };
		257DB49125316A0B00D1DABB /* LoginViewController.swift */ = {isa = PBXFileReference; lastKnownFileType = sourcecode.swift; path = LoginViewController.swift; sourceTree = "<group>"; };
		257DB49425316B7000D1DABB /* LoginViewModel.swift */ = {isa = PBXFileReference; lastKnownFileType = sourcecode.swift; path = LoginViewModel.swift; sourceTree = "<group>"; };
		258247312546614300F2EAAD /* GroupsViewController.swift */ = {isa = PBXFileReference; lastKnownFileType = sourcecode.swift; path = GroupsViewController.swift; sourceTree = "<group>"; };
		258247342546616700F2EAAD /* GroupsView.swift */ = {isa = PBXFileReference; lastKnownFileType = sourcecode.swift; path = GroupsView.swift; sourceTree = "<group>"; };
		258247372546622400F2EAAD /* TutorialViewController.swift */ = {isa = PBXFileReference; lastKnownFileType = sourcecode.swift; path = TutorialViewController.swift; sourceTree = "<group>"; };
		2582473A2546623600F2EAAD /* TutorialView.swift */ = {isa = PBXFileReference; lastKnownFileType = sourcecode.swift; path = TutorialView.swift; sourceTree = "<group>"; };
		2582473E2546634000F2EAAD /* GroupDetailsViewController.swift */ = {isa = PBXFileReference; lastKnownFileType = sourcecode.swift; path = GroupDetailsViewController.swift; sourceTree = "<group>"; };
		258247412546636100F2EAAD /* GroupDetailsView.swift */ = {isa = PBXFileReference; lastKnownFileType = sourcecode.swift; path = GroupDetailsView.swift; sourceTree = "<group>"; };
		2596C922255132E500DAA64F /* GroupTableViewCell.swift */ = {isa = PBXFileReference; lastKnownFileType = sourcecode.swift; path = GroupTableViewCell.swift; sourceTree = "<group>"; };
		2596C9262551330A00DAA64F /* GroupsCollectionViewCell.swift */ = {isa = PBXFileReference; lastKnownFileType = sourcecode.swift; path = GroupsCollectionViewCell.swift; sourceTree = "<group>"; };
		25B0531E25737BC000173E94 /* AirbnbCerealBold.ttf */ = {isa = PBXFileReference; lastKnownFileType = file; path = AirbnbCerealBold.ttf; sourceTree = "<group>"; };
		25B0531F25737BC000173E94 /* AirbnbCerealBlack.ttf */ = {isa = PBXFileReference; lastKnownFileType = file; path = AirbnbCerealBlack.ttf; sourceTree = "<group>"; };
		25B0532125737BC000173E94 /* AirbnbCerealExtraBold.ttf */ = {isa = PBXFileReference; lastKnownFileType = file; path = AirbnbCerealExtraBold.ttf; sourceTree = "<group>"; };
		25B0532225737BC000173E94 /* AirbnbCerealMedium.ttf */ = {isa = PBXFileReference; lastKnownFileType = file; path = AirbnbCerealMedium.ttf; sourceTree = "<group>"; };
		25B0532325737BC000173E94 /* AirbnbCerealLight.ttf */ = {isa = PBXFileReference; lastKnownFileType = file; path = AirbnbCerealLight.ttf; sourceTree = "<group>"; };
		25B0532B25737BCE00173E94 /* AppFont.swift */ = {isa = PBXFileReference; lastKnownFileType = sourcecode.swift; path = AppFont.swift; sourceTree = "<group>"; };
		25B053332573858900173E94 /* AddExpenseDropDownView.swift */ = {isa = PBXFileReference; lastKnownFileType = sourcecode.swift; path = AddExpenseDropDownView.swift; sourceTree = "<group>"; };
		25DB65E7255134F100F79B58 /* GroupsViewModel.swift */ = {isa = PBXFileReference; lastKnownFileType = sourcecode.swift; path = GroupsViewModel.swift; sourceTree = "<group>"; };
		25DB65EA2551357400F79B58 /* Friend.swift */ = {isa = PBXFileReference; lastKnownFileType = sourcecode.swift; path = Friend.swift; sourceTree = "<group>"; };
		901366D42557B071002D4E5D /* AddExpenseViewController.swift */ = {isa = PBXFileReference; lastKnownFileType = sourcecode.swift; path = AddExpenseViewController.swift; sourceTree = "<group>"; };
		901366D82557B154002D4E5D /* AddExpenseView.swift */ = {isa = PBXFileReference; lastKnownFileType = sourcecode.swift; path = AddExpenseView.swift; sourceTree = "<group>"; };
		90B940012570DF8200DC5F27 /* GroupPoints.swift */ = {isa = PBXFileReference; fileEncoding = 4; lastKnownFileType = sourcecode.swift; path = GroupPoints.swift; sourceTree = "<group>"; };
		90E51A672570C8A50029DF5E /* WelcomeView.swift */ = {isa = PBXFileReference; lastKnownFileType = sourcecode.swift; path = WelcomeView.swift; sourceTree = "<group>"; };
		90E51A6B2570C8BA0029DF5E /* WelcomeViewController.swift */ = {isa = PBXFileReference; lastKnownFileType = sourcecode.swift; path = WelcomeViewController.swift; sourceTree = "<group>"; };
		90E51A702570CDCD0029DF5E /* DBTextField.swift */ = {isa = PBXFileReference; lastKnownFileType = sourcecode.swift; path = DBTextField.swift; sourceTree = "<group>"; };
		90E51A732570D0250029DF5E /* DBStackView.swift */ = {isa = PBXFileReference; lastKnownFileType = sourcecode.swift; path = DBStackView.swift; sourceTree = "<group>"; };
		90E51A762570D5250029DF5E /* SignUpView.swift */ = {isa = PBXFileReference; lastKnownFileType = sourcecode.swift; path = SignUpView.swift; sourceTree = "<group>"; };
		90E51A792570D53C0029DF5E /* SignUpViewController.swift */ = {isa = PBXFileReference; lastKnownFileType = sourcecode.swift; path = SignUpViewController.swift; sourceTree = "<group>"; };
		90F3C749255D10800043BA34 /* AddExpenseCollectionViewCell.swift */ = {isa = PBXFileReference; lastKnownFileType = sourcecode.swift; path = AddExpenseCollectionViewCell.swift; sourceTree = "<group>"; };
		9D519817CACD7096E26383F4 /* Pods-dough-bros-ios.release.xcconfig */ = {isa = PBXFileReference; includeInIndex = 1; lastKnownFileType = text.xcconfig; name = "Pods-dough-bros-ios.release.xcconfig"; path = "Target Support Files/Pods-dough-bros-ios/Pods-dough-bros-ios.release.xcconfig"; sourceTree = "<group>"; };
		A436D5B363B9EA5DBADEE251 /* Pods-dough-bros-ios.debug.xcconfig */ = {isa = PBXFileReference; includeInIndex = 1; lastKnownFileType = text.xcconfig; name = "Pods-dough-bros-ios.debug.xcconfig"; path = "Target Support Files/Pods-dough-bros-ios/Pods-dough-bros-ios.debug.xcconfig"; sourceTree = "<group>"; };
		BE03B3E225699CF100B9A4D0 /* AddGroupViewController.swift */ = {isa = PBXFileReference; lastKnownFileType = sourcecode.swift; path = AddGroupViewController.swift; sourceTree = "<group>"; };
		BE03B3E525699D3000B9A4D0 /* AddGroupView.swift */ = {isa = PBXFileReference; lastKnownFileType = sourcecode.swift; path = AddGroupView.swift; sourceTree = "<group>"; };
		BE03B3E825699D8400B9A4D0 /* AddGroupCollectionViewCell.swift */ = {isa = PBXFileReference; lastKnownFileType = sourcecode.swift; path = AddGroupCollectionViewCell.swift; sourceTree = "<group>"; };
		BE03B3EB2569B7CE00B9A4D0 /* AddGroupTableViewCell.swift */ = {isa = PBXFileReference; lastKnownFileType = sourcecode.swift; path = AddGroupTableViewCell.swift; sourceTree = "<group>"; };
		BE03B3F3256A21EA00B9A4D0 /* GroupObj.swift */ = {isa = PBXFileReference; lastKnownFileType = sourcecode.swift; path = GroupObj.swift; sourceTree = "<group>"; };
		BE180ED3255B6B3500F9D2B4 /* UserPoints.swift */ = {isa = PBXFileReference; lastKnownFileType = sourcecode.swift; path = UserPoints.swift; sourceTree = "<group>"; };
		BE180EDA255B6FC800F9D2B4 /* User.swift */ = {isa = PBXFileReference; lastKnownFileType = sourcecode.swift; path = User.swift; sourceTree = "<group>"; };
		BE1F06BF255147A30067C137 /* dough-bros-ios.entitlements */ = {isa = PBXFileReference; lastKnownFileType = text.plist.entitlements; path = "dough-bros-ios.entitlements"; sourceTree = "<group>"; };
		BE25AD7F257207D50069DF5F /* SettleDebtViewController.swift */ = {isa = PBXFileReference; lastKnownFileType = sourcecode.swift; path = SettleDebtViewController.swift; sourceTree = "<group>"; };
		BE25AD82257207EA0069DF5F /* SettleDebtView.swift */ = {isa = PBXFileReference; lastKnownFileType = sourcecode.swift; path = SettleDebtView.swift; sourceTree = "<group>"; };
		BE25AD8525720A270069DF5F /* PayConfirmationView.swift */ = {isa = PBXFileReference; lastKnownFileType = sourcecode.swift; path = PayConfirmationView.swift; sourceTree = "<group>"; };
		BE25AD8825720A350069DF5F /* PayConfirmationViewController.swift */ = {isa = PBXFileReference; lastKnownFileType = sourcecode.swift; path = PayConfirmationViewController.swift; sourceTree = "<group>"; };
		BE25AD8B25722BF30069DF5F /* DebtObj.swift */ = {isa = PBXFileReference; lastKnownFileType = sourcecode.swift; path = DebtObj.swift; sourceTree = "<group>"; };
		BEBEB84225493E460029BAB3 /* SummaryTableViewCell.swift */ = {isa = PBXFileReference; lastKnownFileType = sourcecode.swift; path = SummaryTableViewCell.swift; sourceTree = "<group>"; };
		BEBEB84525493E510029BAB3 /* ActivityTableViewCell.swift */ = {isa = PBXFileReference; lastKnownFileType = sourcecode.swift; path = ActivityTableViewCell.swift; sourceTree = "<group>"; };
		BEE9D75F25589E9D0078BCB9 /* GoogleService-Info.plist */ = {isa = PBXFileReference; fileEncoding = 4; lastKnownFileType = text.plist.xml; path = "GoogleService-Info.plist"; sourceTree = "<group>"; };
		D041CF3D012636ECA0535383 /* Pods_dough_bros_ios.framework */ = {isa = PBXFileReference; explicitFileType = wrapper.framework; includeInIndex = 0; path = Pods_dough_bros_ios.framework; sourceTree = BUILT_PRODUCTS_DIR; };
/* End PBXFileReference section */

/* Begin PBXFrameworksBuildPhase section */
		257495BD25311FEA00D386A2 /* Frameworks */ = {
			isa = PBXFrameworksBuildPhase;
			buildActionMask = 2147483647;
			files = (
				2596C91C25512CB900DAA64F /* AlanYanHelpers in Frameworks */,
				4B0F9D7B74690590F676EF4F /* (null) in Frameworks */,
				56173242D5DA2F8E204E6E10 /* (null) in Frameworks */,
				2596C91C25512CB900DAA64F /* AlanYanHelpers in Frameworks */,
				785F99F4E04AE6A19543D326 /* Pods_dough_bros_ios.framework in Frameworks */,
			);
			runOnlyForDeploymentPostprocessing = 0;
		};
/* End PBXFrameworksBuildPhase section */

/* Begin PBXGroup section */
		251CE01A25513448002913DE /* Shared */ = {
			isa = PBXGroup;
			children = (
				251CE01B25513453002913DE /* ObjectClassName.swift */,
			);
			path = Shared;
			sourceTree = "<group>";
		};
		257495B725311FEA00D386A2 = {
			isa = PBXGroup;
			children = (
				257495C225311FEA00D386A2 /* dough-bros-ios */,
				257495C125311FEA00D386A2 /* Products */,
				37077A11A6722C928EAD1962 /* Pods */,
				633F91CBE72B5EA026A4C3F8 /* Frameworks */,
			);
			sourceTree = "<group>";
		};
		257495C125311FEA00D386A2 /* Products */ = {
			isa = PBXGroup;
			children = (
				257495C025311FEA00D386A2 /* dough-bros-ios.app */,
			);
			name = Products;
			sourceTree = "<group>";
		};
		257495C225311FEA00D386A2 /* dough-bros-ios */ = {
			isa = PBXGroup;
			children = (
				90E51A6F2570CDAF0029DF5E /* CustomViews */,
				BEE9D75F25589E9D0078BCB9 /* GoogleService-Info.plist */,
				BE1F06BF255147A30067C137 /* dough-bros-ios.entitlements */,
				25B0531D25737BA900173E94 /* Fonts */,
				251CE01A25513448002913DE /* Shared */,
				257495DA2531201F00D386A2 /* Model */,
				257495D825311FF900D386A2 /* View */,
				257495D92531201200D386A2 /* ViewModel */,
				257495C325311FEA00D386A2 /* AppDelegate.swift */,
				BE180ED2255B6B1300F9D2B4 /* Endpoints */,
				257495C525311FEA00D386A2 /* SceneDelegate.swift */,
				257495C925311FED00D386A2 /* Assets.xcassets */,
				257495CE25311FED00D386A2 /* LaunchScreen.storyboard */,
				257495D125311FED00D386A2 /* Info.plist */,
				257495CB25311FED00D386A2 /* Preview Content */,
			);
			path = "dough-bros-ios";
			sourceTree = "<group>";
		};
		257495CB25311FED00D386A2 /* Preview Content */ = {
			isa = PBXGroup;
			children = (
				257495CC25311FED00D386A2 /* Preview Assets.xcassets */,
			);
			path = "Preview Content";
			sourceTree = "<group>";
		};
		257495D825311FF900D386A2 /* View */ = {
			isa = PBXGroup;
			children = (
				BE25AD7E2572078E0069DF5F /* Settle Debt */,
				BE03B3E125699C1500B9A4D0 /* Add Group */,
				901366D32557B04C002D4E5D /* Add Expense */,
				2582472D2546607700F2EAAD /* Group Details */,
				2582472C2546606600F2EAAD /* Groups */,
				258247292546603E00F2EAAD /* Tutorial */,
				257495DC2531203F00D386A2 /* SAMPLE */,
				257495DB2531202900D386A2 /* Login */,
				90E51A662570C8890029DF5E /* Welcome */,
			);
			path = View;
			sourceTree = "<group>";
		};
		257495D92531201200D386A2 /* ViewModel */ = {
			isa = PBXGroup;
			children = (
				257DB49425316B7000D1DABB /* LoginViewModel.swift */,
				25DB65E7255134F100F79B58 /* GroupsViewModel.swift */,
			);
			path = ViewModel;
			sourceTree = "<group>";
		};
		257495DA2531201F00D386A2 /* Model */ = {
			isa = PBXGroup;
			children = (
				257DB48A253169EC00D1DABB /* Group.swift */,
				25DB65EA2551357400F79B58 /* Friend.swift */,
				BE180EDA255B6FC800F9D2B4 /* User.swift */,
				BE03B3F3256A21EA00B9A4D0 /* GroupObj.swift */,
				BE25AD8B25722BF30069DF5F /* DebtObj.swift */,
			);
			path = Model;
			sourceTree = "<group>";
		};
		257495DB2531202900D386A2 /* Login */ = {
			isa = PBXGroup;
			children = (
				257DB48E25316A0200D1DABB /* LoginView.swift */,
				257DB49125316A0B00D1DABB /* LoginViewController.swift */,
			);
			path = Login;
			sourceTree = "<group>";
		};
		257495DC2531203F00D386A2 /* SAMPLE */ = {
			isa = PBXGroup;
			children = (
				257495DD2531206600D386A2 /* SampleViewController.swift */,
				257495E1253120B800D386A2 /* SampleView.swift */,
			);
			path = SAMPLE;
			sourceTree = "<group>";
		};
		258247292546603E00F2EAAD /* Tutorial */ = {
			isa = PBXGroup;
			children = (
				258247372546622400F2EAAD /* TutorialViewController.swift */,
				2582473A2546623600F2EAAD /* TutorialView.swift */,
			);
			path = Tutorial;
			sourceTree = "<group>";
		};
		2582472C2546606600F2EAAD /* Groups */ = {
			isa = PBXGroup;
			children = (
				2596C925255132ED00DAA64F /* Cells */,
				258247312546614300F2EAAD /* GroupsViewController.swift */,
				258247342546616700F2EAAD /* GroupsView.swift */,
			);
			path = Groups;
			sourceTree = "<group>";
		};
		2582472D2546607700F2EAAD /* Group Details */ = {
			isa = PBXGroup;
			children = (
				2582473E2546634000F2EAAD /* GroupDetailsViewController.swift */,
				258247412546636100F2EAAD /* GroupDetailsView.swift */,
				BEBEB84225493E460029BAB3 /* SummaryTableViewCell.swift */,
				BEBEB84525493E510029BAB3 /* ActivityTableViewCell.swift */,
			);
			path = "Group Details";
			sourceTree = "<group>";
		};
		2596C925255132ED00DAA64F /* Cells */ = {
			isa = PBXGroup;
			children = (
				2596C922255132E500DAA64F /* GroupTableViewCell.swift */,
				2596C9262551330A00DAA64F /* GroupsCollectionViewCell.swift */,
			);
			path = Cells;
			sourceTree = "<group>";
		};
		25B0531D25737BA900173E94 /* Fonts */ = {
			isa = PBXGroup;
			children = (
				25B0531F25737BC000173E94 /* AirbnbCerealBlack.ttf */,
				25B0531E25737BC000173E94 /* AirbnbCerealBold.ttf */,
				25B0532125737BC000173E94 /* AirbnbCerealExtraBold.ttf */,
				25B0532325737BC000173E94 /* AirbnbCerealLight.ttf */,
				25B0532225737BC000173E94 /* AirbnbCerealMedium.ttf */,
				25B0532B25737BCE00173E94 /* AppFont.swift */,
			);
			path = Fonts;
			sourceTree = "<group>";
		};
		37077A11A6722C928EAD1962 /* Pods */ = {
			isa = PBXGroup;
			children = (
				A436D5B363B9EA5DBADEE251 /* Pods-dough-bros-ios.debug.xcconfig */,
				9D519817CACD7096E26383F4 /* Pods-dough-bros-ios.release.xcconfig */,
			);
			path = Pods;
			sourceTree = "<group>";
		};
		633F91CBE72B5EA026A4C3F8 /* Frameworks */ = {
			isa = PBXGroup;
			children = (
				D041CF3D012636ECA0535383 /* Pods_dough_bros_ios.framework */,
			);
			name = Frameworks;
			sourceTree = "<group>";
		};
		901366D32557B04C002D4E5D /* Add Expense */ = {
			isa = PBXGroup;
			children = (
				90F3C748255D104A0043BA34 /* Cells */,
				901366D42557B071002D4E5D /* AddExpenseViewController.swift */,
				901366D82557B154002D4E5D /* AddExpenseView.swift */,
				25B053332573858900173E94 /* AddExpenseDropDownView.swift */,
			);
			path = "Add Expense";
			sourceTree = "<group>";
		};
		90E51A662570C8890029DF5E /* Welcome */ = {
			isa = PBXGroup;
			children = (
				90E51A672570C8A50029DF5E /* WelcomeView.swift */,
				90E51A6B2570C8BA0029DF5E /* WelcomeViewController.swift */,
				90E51A762570D5250029DF5E /* SignUpView.swift */,
				90E51A792570D53C0029DF5E /* SignUpViewController.swift */,
			);
			path = Welcome;
			sourceTree = "<group>";
		};
		90E51A6F2570CDAF0029DF5E /* CustomViews */ = {
			isa = PBXGroup;
			children = (
				90E51A702570CDCD0029DF5E /* DBTextField.swift */,
				90E51A732570D0250029DF5E /* DBStackView.swift */,
			);
			path = CustomViews;
			sourceTree = "<group>";
		};
		90F3C748255D104A0043BA34 /* Cells */ = {
			isa = PBXGroup;
			children = (
				90F3C749255D10800043BA34 /* AddExpenseCollectionViewCell.swift */,
			);
			path = Cells;
			sourceTree = "<group>";
		};
		BE03B3E125699C1500B9A4D0 /* Add Group */ = {
			isa = PBXGroup;
			children = (
				BE03B3E225699CF100B9A4D0 /* AddGroupViewController.swift */,
				BE03B3E525699D3000B9A4D0 /* AddGroupView.swift */,
				BE03B3E825699D8400B9A4D0 /* AddGroupCollectionViewCell.swift */,
				BE03B3EB2569B7CE00B9A4D0 /* AddGroupTableViewCell.swift */,
			);
			path = "Add Group";
			sourceTree = "<group>";
		};
		BE180ED2255B6B1300F9D2B4 /* Endpoints */ = {
			isa = PBXGroup;
			children = (
				90B940012570DF8200DC5F27 /* GroupPoints.swift */,
				BE180ED3255B6B3500F9D2B4 /* UserPoints.swift */,
			);
			path = Endpoints;
			sourceTree = "<group>";
		};
		BE25AD7E2572078E0069DF5F /* Settle Debt */ = {
			isa = PBXGroup;
			children = (
				BE25AD7F257207D50069DF5F /* SettleDebtViewController.swift */,
				BE25AD82257207EA0069DF5F /* SettleDebtView.swift */,
				BE25AD8525720A270069DF5F /* PayConfirmationView.swift */,
				BE25AD8825720A350069DF5F /* PayConfirmationViewController.swift */,
			);
			path = "Settle Debt";
			sourceTree = "<group>";
		};
/* End PBXGroup section */

/* Begin PBXNativeTarget section */
		257495BF25311FEA00D386A2 /* dough-bros-ios */ = {
			isa = PBXNativeTarget;
			buildConfigurationList = 257495D425311FED00D386A2 /* Build configuration list for PBXNativeTarget "dough-bros-ios" */;
			buildPhases = (
				EA34134056AE2C5206ABD26E /* [CP] Check Pods Manifest.lock */,
				257495BC25311FEA00D386A2 /* Sources */,
				257495BD25311FEA00D386A2 /* Frameworks */,
				257495BE25311FEA00D386A2 /* Resources */,
				7C63A0CB4E43C93048DB6DEB /* [CP] Embed Pods Frameworks */,
			);
			buildRules = (
			);
			dependencies = (
			);
			name = "dough-bros-ios";
			packageProductDependencies = (
				2596C91B25512CB900DAA64F /* AlanYanHelpers */,
			);
			productName = "dough-bros-ios";
			productReference = 257495C025311FEA00D386A2 /* dough-bros-ios.app */;
			productType = "com.apple.product-type.application";
		};
/* End PBXNativeTarget section */

/* Begin PBXProject section */
		257495B825311FEA00D386A2 /* Project object */ = {
			isa = PBXProject;
			attributes = {
				LastSwiftUpdateCheck = 1200;
				LastUpgradeCheck = 1200;
				TargetAttributes = {
					257495BF25311FEA00D386A2 = {
						CreatedOnToolsVersion = 12.0.1;
					};
				};
			};
			buildConfigurationList = 257495BB25311FEA00D386A2 /* Build configuration list for PBXProject "dough-bros-ios" */;
			compatibilityVersion = "Xcode 9.3";
			developmentRegion = en;
			hasScannedForEncodings = 0;
			knownRegions = (
				en,
				Base,
			);
			mainGroup = 257495B725311FEA00D386A2;
			packageReferences = (
				2596C91A25512CB900DAA64F /* XCRemoteSwiftPackageReference "UIKit-Toolbox" */,
			);
			productRefGroup = 257495C125311FEA00D386A2 /* Products */;
			projectDirPath = "";
			projectRoot = "";
			targets = (
				257495BF25311FEA00D386A2 /* dough-bros-ios */,
			);
		};
/* End PBXProject section */

/* Begin PBXResourcesBuildPhase section */
		257495BE25311FEA00D386A2 /* Resources */ = {
			isa = PBXResourcesBuildPhase;
			buildActionMask = 2147483647;
			files = (
				257495D025311FED00D386A2 /* LaunchScreen.storyboard in Resources */,
				BEE9D76025589E9D0078BCB9 /* GoogleService-Info.plist in Resources */,
				25B0532825737BC100173E94 /* AirbnbCerealMedium.ttf in Resources */,
				25B0532525737BC000173E94 /* AirbnbCerealBlack.ttf in Resources */,
				257495CD25311FED00D386A2 /* Preview Assets.xcassets in Resources */,
				25B0532925737BC100173E94 /* AirbnbCerealLight.ttf in Resources */,
				25B0532725737BC000173E94 /* AirbnbCerealExtraBold.ttf in Resources */,
				25B0532425737BC000173E94 /* AirbnbCerealBold.ttf in Resources */,
				257495CA25311FED00D386A2 /* Assets.xcassets in Resources */,
			);
			runOnlyForDeploymentPostprocessing = 0;
		};
/* End PBXResourcesBuildPhase section */

/* Begin PBXShellScriptBuildPhase section */
		7C63A0CB4E43C93048DB6DEB /* [CP] Embed Pods Frameworks */ = {
			isa = PBXShellScriptBuildPhase;
			buildActionMask = 2147483647;
			files = (
			);
			inputFileListPaths = (
				"${PODS_ROOT}/Target Support Files/Pods-dough-bros-ios/Pods-dough-bros-ios-frameworks-${CONFIGURATION}-input-files.xcfilelist",
			);
			name = "[CP] Embed Pods Frameworks";
			outputFileListPaths = (
				"${PODS_ROOT}/Target Support Files/Pods-dough-bros-ios/Pods-dough-bros-ios-frameworks-${CONFIGURATION}-output-files.xcfilelist",
			);
			runOnlyForDeploymentPostprocessing = 0;
			shellPath = /bin/sh;
			shellScript = "\"${PODS_ROOT}/Target Support Files/Pods-dough-bros-ios/Pods-dough-bros-ios-frameworks.sh\"\n";
			showEnvVarsInLog = 0;
		};
		EA34134056AE2C5206ABD26E /* [CP] Check Pods Manifest.lock */ = {
			isa = PBXShellScriptBuildPhase;
			buildActionMask = 2147483647;
			files = (
			);
			inputFileListPaths = (
			);
			inputPaths = (
				"${PODS_PODFILE_DIR_PATH}/Podfile.lock",
				"${PODS_ROOT}/Manifest.lock",
			);
			name = "[CP] Check Pods Manifest.lock";
			outputFileListPaths = (
			);
			outputPaths = (
				"$(DERIVED_FILE_DIR)/Pods-dough-bros-ios-checkManifestLockResult.txt",
			);
			runOnlyForDeploymentPostprocessing = 0;
			shellPath = /bin/sh;
			shellScript = "diff \"${PODS_PODFILE_DIR_PATH}/Podfile.lock\" \"${PODS_ROOT}/Manifest.lock\" > /dev/null\nif [ $? != 0 ] ; then\n    # print error to STDERR\n    echo \"error: The sandbox is not in sync with the Podfile.lock. Run 'pod install' or update your CocoaPods installation.\" >&2\n    exit 1\nfi\n# This output is used by Xcode 'outputs' to avoid re-running this script phase.\necho \"SUCCESS\" > \"${SCRIPT_OUTPUT_FILE_0}\"\n";
			showEnvVarsInLog = 0;
		};
/* End PBXShellScriptBuildPhase section */

/* Begin PBXSourcesBuildPhase section */
		257495BC25311FEA00D386A2 /* Sources */ = {
			isa = PBXSourcesBuildPhase;
			buildActionMask = 2147483647;
			files = (
				257495C425311FEA00D386A2 /* AppDelegate.swift in Sources */,
				2596C923255132E500DAA64F /* GroupTableViewCell.swift in Sources */,
				257DB48F25316A0200D1DABB /* LoginView.swift in Sources */,
				BE25AD8625720A270069DF5F /* PayConfirmationView.swift in Sources */,
				BE180EDB255B6FC800F9D2B4 /* User.swift in Sources */,
				90E51A682570C8A50029DF5E /* WelcomeView.swift in Sources */,
				901366D92557B154002D4E5D /* AddExpenseView.swift in Sources */,
				251CE01C25513453002913DE /* ObjectClassName.swift in Sources */,
				90E51A742570D0250029DF5E /* DBStackView.swift in Sources */,
				901366D52557B071002D4E5D /* AddExpenseViewController.swift in Sources */,
				BE03B3E325699CF100B9A4D0 /* AddGroupViewController.swift in Sources */,
				257495C625311FEA00D386A2 /* SceneDelegate.swift in Sources */,
				90E51A7A2570D53C0029DF5E /* SignUpViewController.swift in Sources */,
				257DB49225316A0B00D1DABB /* LoginViewController.swift in Sources */,
				25B053342573858900173E94 /* AddExpenseDropDownView.swift in Sources */,
				258247352546616700F2EAAD /* GroupsView.swift in Sources */,
				BE25AD8925720A350069DF5F /* PayConfirmationViewController.swift in Sources */,
				90F3C74A255D10800043BA34 /* AddExpenseCollectionViewCell.swift in Sources */,
				90E51A712570CDCD0029DF5E /* DBTextField.swift in Sources */,
				258247422546636100F2EAAD /* GroupDetailsView.swift in Sources */,
				BE03B3EC2569B7CE00B9A4D0 /* AddGroupTableViewCell.swift in Sources */,
				90E51A6C2570C8BA0029DF5E /* WelcomeViewController.swift in Sources */,
				90E51A772570D5250029DF5E /* SignUpView.swift in Sources */,
				90B940022570DF8200DC5F27 /* GroupPoints.swift in Sources */,
				BEBEB84625493E510029BAB3 /* ActivityTableViewCell.swift in Sources */,
				257495E2253120B800D386A2 /* SampleView.swift in Sources */,
				BE25AD8C25722BF30069DF5F /* DebtObj.swift in Sources */,
				BE25AD83257207EA0069DF5F /* SettleDebtView.swift in Sources */,
				257DB48B253169EC00D1DABB /* Group.swift in Sources */,
				BE03B3F4256A21EA00B9A4D0 /* GroupObj.swift in Sources */,
				257495DE2531206600D386A2 /* SampleViewController.swift in Sources */,
				2582473F2546634000F2EAAD /* GroupDetailsViewController.swift in Sources */,
				BE03B3E625699D3000B9A4D0 /* AddGroupView.swift in Sources */,
				BE03B3E925699D8400B9A4D0 /* AddGroupCollectionViewCell.swift in Sources */,
				2596C9272551330A00DAA64F /* GroupsCollectionViewCell.swift in Sources */,
				2582473B2546623600F2EAAD /* TutorialView.swift in Sources */,
				25DB65EB2551357400F79B58 /* Friend.swift in Sources */,
				BE25AD80257207D50069DF5F /* SettleDebtViewController.swift in Sources */,
				257DB49525316B7000D1DABB /* LoginViewModel.swift in Sources */,
				25DB65E8255134F100F79B58 /* GroupsViewModel.swift in Sources */,
				BE180ED4255B6B3500F9D2B4 /* UserPoints.swift in Sources */,
				258247382546622400F2EAAD /* TutorialViewController.swift in Sources */,
				25B0532C25737BCE00173E94 /* AppFont.swift in Sources */,
				BEBEB84325493E460029BAB3 /* SummaryTableViewCell.swift in Sources */,
				258247322546614300F2EAAD /* GroupsViewController.swift in Sources */,
			);
			runOnlyForDeploymentPostprocessing = 0;
		};
/* End PBXSourcesBuildPhase section */

/* Begin PBXVariantGroup section */
		257495CE25311FED00D386A2 /* LaunchScreen.storyboard */ = {
			isa = PBXVariantGroup;
			children = (
				257495CF25311FED00D386A2 /* Base */,
			);
			name = LaunchScreen.storyboard;
			sourceTree = "<group>";
		};
/* End PBXVariantGroup section */

/* Begin XCBuildConfiguration section */
		257495D225311FED00D386A2 /* Debug */ = {
			isa = XCBuildConfiguration;
			buildSettings = {
				ALWAYS_SEARCH_USER_PATHS = NO;
				CLANG_ANALYZER_NONNULL = YES;
				CLANG_ANALYZER_NUMBER_OBJECT_CONVERSION = YES_AGGRESSIVE;
				CLANG_CXX_LANGUAGE_STANDARD = "gnu++14";
				CLANG_CXX_LIBRARY = "libc++";
				CLANG_ENABLE_MODULES = YES;
				CLANG_ENABLE_OBJC_ARC = YES;
				CLANG_ENABLE_OBJC_WEAK = YES;
				CLANG_WARN_BLOCK_CAPTURE_AUTORELEASING = YES;
				CLANG_WARN_BOOL_CONVERSION = YES;
				CLANG_WARN_COMMA = YES;
				CLANG_WARN_CONSTANT_CONVERSION = YES;
				CLANG_WARN_DEPRECATED_OBJC_IMPLEMENTATIONS = YES;
				CLANG_WARN_DIRECT_OBJC_ISA_USAGE = YES_ERROR;
				CLANG_WARN_DOCUMENTATION_COMMENTS = YES;
				CLANG_WARN_EMPTY_BODY = YES;
				CLANG_WARN_ENUM_CONVERSION = YES;
				CLANG_WARN_INFINITE_RECURSION = YES;
				CLANG_WARN_INT_CONVERSION = YES;
				CLANG_WARN_NON_LITERAL_NULL_CONVERSION = YES;
				CLANG_WARN_OBJC_IMPLICIT_RETAIN_SELF = YES;
				CLANG_WARN_OBJC_LITERAL_CONVERSION = YES;
				CLANG_WARN_OBJC_ROOT_CLASS = YES_ERROR;
				CLANG_WARN_QUOTED_INCLUDE_IN_FRAMEWORK_HEADER = YES;
				CLANG_WARN_RANGE_LOOP_ANALYSIS = YES;
				CLANG_WARN_STRICT_PROTOTYPES = YES;
				CLANG_WARN_SUSPICIOUS_MOVE = YES;
				CLANG_WARN_UNGUARDED_AVAILABILITY = YES_AGGRESSIVE;
				CLANG_WARN_UNREACHABLE_CODE = YES;
				CLANG_WARN__DUPLICATE_METHOD_MATCH = YES;
				CODE_SIGN_IDENTITY = "Apple Development: Hao Wu (Z4J27VJ43Z)";
				COPY_PHASE_STRIP = NO;
				DEBUG_INFORMATION_FORMAT = dwarf;
				ENABLE_STRICT_OBJC_MSGSEND = YES;
				ENABLE_TESTABILITY = YES;
				GCC_C_LANGUAGE_STANDARD = gnu11;
				GCC_DYNAMIC_NO_PIC = NO;
				GCC_NO_COMMON_BLOCKS = YES;
				GCC_OPTIMIZATION_LEVEL = 0;
				GCC_PREPROCESSOR_DEFINITIONS = (
					"DEBUG=1",
					"$(inherited)",
				);
				GCC_WARN_64_TO_32_BIT_CONVERSION = YES;
				GCC_WARN_ABOUT_RETURN_TYPE = YES_ERROR;
				GCC_WARN_UNDECLARED_SELECTOR = YES;
				GCC_WARN_UNINITIALIZED_AUTOS = YES_AGGRESSIVE;
				GCC_WARN_UNUSED_FUNCTION = YES;
				GCC_WARN_UNUSED_VARIABLE = YES;
				IPHONEOS_DEPLOYMENT_TARGET = 13.0;
				MTL_ENABLE_DEBUG_INFO = INCLUDE_SOURCE;
				MTL_FAST_MATH = YES;
				ONLY_ACTIVE_ARCH = YES;
				SDKROOT = iphoneos;
				SWIFT_ACTIVE_COMPILATION_CONDITIONS = DEBUG;
				SWIFT_OPTIMIZATION_LEVEL = "-Onone";
			};
			name = Debug;
		};
		257495D325311FED00D386A2 /* Release */ = {
			isa = XCBuildConfiguration;
			buildSettings = {
				ALWAYS_SEARCH_USER_PATHS = NO;
				CLANG_ANALYZER_NONNULL = YES;
				CLANG_ANALYZER_NUMBER_OBJECT_CONVERSION = YES_AGGRESSIVE;
				CLANG_CXX_LANGUAGE_STANDARD = "gnu++14";
				CLANG_CXX_LIBRARY = "libc++";
				CLANG_ENABLE_MODULES = YES;
				CLANG_ENABLE_OBJC_ARC = YES;
				CLANG_ENABLE_OBJC_WEAK = YES;
				CLANG_WARN_BLOCK_CAPTURE_AUTORELEASING = YES;
				CLANG_WARN_BOOL_CONVERSION = YES;
				CLANG_WARN_COMMA = YES;
				CLANG_WARN_CONSTANT_CONVERSION = YES;
				CLANG_WARN_DEPRECATED_OBJC_IMPLEMENTATIONS = YES;
				CLANG_WARN_DIRECT_OBJC_ISA_USAGE = YES_ERROR;
				CLANG_WARN_DOCUMENTATION_COMMENTS = YES;
				CLANG_WARN_EMPTY_BODY = YES;
				CLANG_WARN_ENUM_CONVERSION = YES;
				CLANG_WARN_INFINITE_RECURSION = YES;
				CLANG_WARN_INT_CONVERSION = YES;
				CLANG_WARN_NON_LITERAL_NULL_CONVERSION = YES;
				CLANG_WARN_OBJC_IMPLICIT_RETAIN_SELF = YES;
				CLANG_WARN_OBJC_LITERAL_CONVERSION = YES;
				CLANG_WARN_OBJC_ROOT_CLASS = YES_ERROR;
				CLANG_WARN_QUOTED_INCLUDE_IN_FRAMEWORK_HEADER = YES;
				CLANG_WARN_RANGE_LOOP_ANALYSIS = YES;
				CLANG_WARN_STRICT_PROTOTYPES = YES;
				CLANG_WARN_SUSPICIOUS_MOVE = YES;
				CLANG_WARN_UNGUARDED_AVAILABILITY = YES_AGGRESSIVE;
				CLANG_WARN_UNREACHABLE_CODE = YES;
				CLANG_WARN__DUPLICATE_METHOD_MATCH = YES;
				CODE_SIGN_IDENTITY = "Apple Development: Hao Wu (Z4J27VJ43Z)";
				COPY_PHASE_STRIP = NO;
				DEBUG_INFORMATION_FORMAT = "dwarf-with-dsym";
				ENABLE_NS_ASSERTIONS = NO;
				ENABLE_STRICT_OBJC_MSGSEND = YES;
				GCC_C_LANGUAGE_STANDARD = gnu11;
				GCC_NO_COMMON_BLOCKS = YES;
				GCC_WARN_64_TO_32_BIT_CONVERSION = YES;
				GCC_WARN_ABOUT_RETURN_TYPE = YES_ERROR;
				GCC_WARN_UNDECLARED_SELECTOR = YES;
				GCC_WARN_UNINITIALIZED_AUTOS = YES_AGGRESSIVE;
				GCC_WARN_UNUSED_FUNCTION = YES;
				GCC_WARN_UNUSED_VARIABLE = YES;
				IPHONEOS_DEPLOYMENT_TARGET = 13.0;
				MTL_ENABLE_DEBUG_INFO = NO;
				MTL_FAST_MATH = YES;
				SDKROOT = iphoneos;
				SWIFT_COMPILATION_MODE = wholemodule;
				SWIFT_OPTIMIZATION_LEVEL = "-O";
				VALIDATE_PRODUCT = YES;
			};
			name = Release;
		};
		257495D525311FED00D386A2 /* Debug */ = {
			isa = XCBuildConfiguration;
			baseConfigurationReference = A436D5B363B9EA5DBADEE251 /* Pods-dough-bros-ios.debug.xcconfig */;
			buildSettings = {
				ASSETCATALOG_COMPILER_APPICON_NAME = AppIcon;
				ASSETCATALOG_COMPILER_GLOBAL_ACCENT_COLOR_NAME = AccentColor;
				CODE_SIGN_ENTITLEMENTS = "dough-bros-ios/dough-bros-ios.entitlements";
				CODE_SIGN_IDENTITY = "Apple Development";
				CODE_SIGN_STYLE = Automatic;
				DEVELOPMENT_ASSET_PATHS = "\"dough-bros-ios/Preview Content\"";
				DEVELOPMENT_TEAM = "";
				ENABLE_PREVIEWS = YES;
				INFOPLIST_FILE = "dough-bros-ios/Info.plist";
				LD_RUNPATH_SEARCH_PATHS = (
					"$(inherited)",
					"@executable_path/Frameworks",
				);
				PRODUCT_BUNDLE_IDENTIFIER = com.ubclaunchpad.doughbros;
				PRODUCT_NAME = "$(TARGET_NAME)";
				PROVISIONING_PROFILE_SPECIFIER = "";
				SWIFT_VERSION = 5.0;
				TARGETED_DEVICE_FAMILY = "1,2";
			};
			name = Debug;
		};
		257495D625311FED00D386A2 /* Release */ = {
			isa = XCBuildConfiguration;
			baseConfigurationReference = 9D519817CACD7096E26383F4 /* Pods-dough-bros-ios.release.xcconfig */;
			buildSettings = {
				ASSETCATALOG_COMPILER_APPICON_NAME = AppIcon;
				ASSETCATALOG_COMPILER_GLOBAL_ACCENT_COLOR_NAME = AccentColor;
				CODE_SIGN_ENTITLEMENTS = "dough-bros-ios/dough-bros-ios.entitlements";
				CODE_SIGN_IDENTITY = "Apple Development";
				CODE_SIGN_STYLE = Automatic;
				DEVELOPMENT_ASSET_PATHS = "\"dough-bros-ios/Preview Content\"";
				DEVELOPMENT_TEAM = "";
				ENABLE_PREVIEWS = YES;
				INFOPLIST_FILE = "dough-bros-ios/Info.plist";
				LD_RUNPATH_SEARCH_PATHS = (
					"$(inherited)",
					"@executable_path/Frameworks",
				);
				PRODUCT_BUNDLE_IDENTIFIER = com.ubclaunchpad.doughbros;
				PRODUCT_NAME = "$(TARGET_NAME)";
				PROVISIONING_PROFILE_SPECIFIER = "";
				SWIFT_VERSION = 5.0;
				TARGETED_DEVICE_FAMILY = "1,2";
			};
			name = Release;
		};
/* End XCBuildConfiguration section */

/* Begin XCConfigurationList section */
		257495BB25311FEA00D386A2 /* Build configuration list for PBXProject "dough-bros-ios" */ = {
			isa = XCConfigurationList;
			buildConfigurations = (
				257495D225311FED00D386A2 /* Debug */,
				257495D325311FED00D386A2 /* Release */,
			);
			defaultConfigurationIsVisible = 0;
			defaultConfigurationName = Release;
		};
		257495D425311FED00D386A2 /* Build configuration list for PBXNativeTarget "dough-bros-ios" */ = {
			isa = XCConfigurationList;
			buildConfigurations = (
				257495D525311FED00D386A2 /* Debug */,
				257495D625311FED00D386A2 /* Release */,
			);
			defaultConfigurationIsVisible = 0;
			defaultConfigurationName = Release;
		};
/* End XCConfigurationList section */

/* Begin XCRemoteSwiftPackageReference section */
		2596C91A25512CB900DAA64F /* XCRemoteSwiftPackageReference "UIKit-Toolbox" */ = {
			isa = XCRemoteSwiftPackageReference;
			repositoryURL = "https://github.com/yan-alan/UIKit-Toolbox.git";
			requirement = {
				kind = upToNextMajorVersion;
				minimumVersion = 0.0.8;
			};
		};
/* End XCRemoteSwiftPackageReference section */

/* Begin XCSwiftPackageProductDependency section */
		2596C91B25512CB900DAA64F /* AlanYanHelpers */ = {
			isa = XCSwiftPackageProductDependency;
			package = 2596C91A25512CB900DAA64F /* XCRemoteSwiftPackageReference "UIKit-Toolbox" */;
			productName = AlanYanHelpers;
		};
/* End XCSwiftPackageProductDependency section */
	};
	rootObject = 257495B825311FEA00D386A2 /* Project object */;
}
